github.com/goinbox/gomisc v1.2.0 h1:T1CHnG8yxUzQIzTJWReqEKfTlZ5krj1UULXO+yi3WiE=
github.com/goinbox/gomisc v1.2.0/go.mod h1:SPnA6bKoY+HIxNBbO2zRX0jBHu0lmi3nCLbZR40aiSs=
github.com/tabalt/gracehttp v1.3.0 h1:n8IS2f12lA8dqc3LyT+ixcEk7CQgY2QuPiMcmAbUIpI=
github.com/tabalt/gracehttp v1.3.0/go.mod h1:EJsPEa2sQSNd8jJDnWDUab7KRdq220Vr6iP0Man9M3I=
